
Microsoft Visual Studio Solution File, Format Version 12.00
# Visual Studio Version 17
VisualStudioVersion = 17.11.35222.181
MinimumVisualStudioVersion = 10.0.40219.1
Project("{8BC9CEB8-8B4A-11D0-8D11-00A0C91BC942}") = "AP_Lab№6.2.іт", "AP_Lab№6.2.іт\AP_Lab№6.2.іт.vcxproj", "{4FC36A56-47DF-45FC-A576-FC6D21D8A3F3}"
EndProject
Project("{8BC9CEB8-8B4A-11D0-8D11-00A0C91BC942}") = "UnitTest1", "UnitTest1\UnitTest1.vcxproj", "{C3182BB8-8188-431E-90B2-D9B34FB8814F}"
EndProject
Global
	GlobalSection(SolutionConfigurationPlatforms) = preSolution
		Debug|x64 = Debug|x64
		Debug|x86 = Debug|x86
		Release|x64 = Release|x64
		Release|x86 = Release|x86
	EndGlobalSection
	GlobalSection(ProjectConfigurationPlatforms) = postSolution
		{4FC36A56-47DF-45FC-A576-FC6D21D8A3F3}.Debug|x64.ActiveCfg = Debug|x64
		{4FC36A56-47DF-45FC-A576-FC6D21D8A3F3}.Debug|x64.Build.0 = Debug|x64
		{4FC36A56-47DF-45FC-A576-FC6D21D8A3F3}.Debug|x86.ActiveCfg = Debug|Win32
		{4FC36A56-47DF-45FC-A576-FC6D21D8A3F3}.Debug|x86.Build.0 = Debug|Win32
		{4FC36A56-47DF-45FC-A576-FC6D21D8A3F3}.Release|x64.ActiveCfg = Release|x64
		{4FC36A56-47DF-45FC-A576-FC6D21D8A3F3}.Release|x64.Build.0 = Release|x64
		{4FC36A56-47DF-45FC-A576-FC6D21D8A3F3}.Release|x86.ActiveCfg = Release|Win32
		{4FC36A56-47DF-45FC-A576-FC6D21D8A3F3}.Release|x86.Build.0 = Release|Win32
		{C3182BB8-8188-431E-90B2-D9B34FB8814F}.Debug|x64.ActiveCfg = Debug|x64
		{C3182BB8-8188-431E-90B2-D9B34FB8814F}.Debug|x64.Build.0 = Debug|x64
		{C3182BB8-8188-431E-90B2-D9B34FB8814F}.Debug|x86.ActiveCfg = Debug|Win32
		{C3182BB8-8188-431E-90B2-D9B34FB8814F}.Debug|x86.Build.0 = Debug|Win32
		{C3182BB8-8188-431E-90B2-D9B34FB8814F}.Release|x64.ActiveCfg = Release|x64
		{C3182BB8-8188-431E-90B2-D9B34FB8814F}.Release|x64.Build.0 = Release|x64
		{C3182BB8-8188-431E-90B2-D9B34FB8814F}.Release|x86.ActiveCfg = Release|Win32
		{C3182BB8-8188-431E-90B2-D9B34FB8814F}.Release|x86.Build.0 = Release|Win32
	EndGlobalSection
	GlobalSection(SolutionProperties) = preSolution
		HideSolutionNode = FALSE
	EndGlobalSection
	GlobalSection(ExtensibilityGlobals) = postSolution
		SolutionGuid = {60784053-586D-4777-BBB9-55D6A9C94726}
	EndGlobalSection
EndGlobal
